{
  "name": "cluster-messages",
  "version": "1.1.2",
  "lockfileVersion": 1,
  "requires": true,
  "dependencies": {
    "uuid4": {
      "version": "1.1.4",
      "resolved": "https://registry.npmjs.org/uuid4/-/uuid4-1.1.4.tgz",
      "integrity": "sha512-Gr1q2k40LpF8CokcnQFjPDsdslzJbTCTBG5xQIEflUov431gFkY5KduiGIeKYAamkQnNn4IfdHJbLnl9Bib8TQ=="
    }
  }
}
